// !$*UTF8*$!
{
	archiveVersion = 1;
	classes = {
	};
	objectVersion = 56;
	objects = {

/* Begin PBXBuildFile section */
		11C9EF9A2B2F362400848E7B /* RandomNonceString.swift in Sources */ = {isa = PBXBuildFile; fileRef = 11C9EF982B2F362400848E7B /* RandomNonceString.swift */; };
		11C9EF9B2B2F362400848E7B /* SHA256.swift in Sources */ = {isa = PBXBuildFile; fileRef = 11C9EF992B2F362400848E7B /* SHA256.swift */; };
		11F94E952B26DDA800AF2EC9 /* DIContainer.swift in Sources */ = {isa = PBXBuildFile; fileRef = 11F94E942B26DDA800AF2EC9 /* DIContainer.swift */; };
		11F94E982B26DE1000AF2EC9 /* Services.swift in Sources */ = {isa = PBXBuildFile; fileRef = 11F94E972B26DE1000AF2EC9 /* Services.swift */; };
		11F94E9C2B26DEE400AF2EC9 /* AuthenticationViewModel.swift in Sources */ = {isa = PBXBuildFile; fileRef = 11F94E9B2B26DEE400AF2EC9 /* AuthenticationViewModel.swift */; };
		11F94EA22B26EC8C00AF2EC9 /* .gitignore in Resources */ = {isa = PBXBuildFile; fileRef = 11F94EA12B26EC8C00AF2EC9 /* .gitignore */; };
		11F94EA62B26F11100AF2EC9 /* FirebaseAuth in Frameworks */ = {isa = PBXBuildFile; productRef = 11F94EA52B26F11100AF2EC9 /* FirebaseAuth */; };
		11F94EA82B26F18A00AF2EC9 /* AppDelegate.swift in Sources */ = {isa = PBXBuildFile; fileRef = 11F94EA72B26F18A00AF2EC9 /* AppDelegate.swift */; };
		11F94EAA2B26F24D00AF2EC9 /* GoogleService-Info.plist in Resources */ = {isa = PBXBuildFile; fileRef = 11F94EA92B26F24D00AF2EC9 /* GoogleService-Info.plist */; };
		11F94EAD2B26F34C00AF2EC9 /* AuthenticationService.swift in Sources */ = {isa = PBXBuildFile; fileRef = 11F94EAC2B26F34C00AF2EC9 /* AuthenticationService.swift */; };
		11F94EB12B26F68F00AF2EC9 /* LoginIntroView.swift in Sources */ = {isa = PBXBuildFile; fileRef = 11F94EB02B26F68F00AF2EC9 /* LoginIntroView.swift */; };
		11F94EB32B26F6A500AF2EC9 /* MainTabView.swift in Sources */ = {isa = PBXBuildFile; fileRef = 11F94EB22B26F6A500AF2EC9 /* MainTabView.swift */; };
		11F94EB52B2706D500AF2EC9 /* LoginView.swift in Sources */ = {isa = PBXBuildFile; fileRef = 11F94EB42B2706D500AF2EC9 /* LoginView.swift */; };
		11F94EB72B2707A000AF2EC9 /* LoginButtonStyle.swift in Sources */ = {isa = PBXBuildFile; fileRef = 11F94EB62B2707A000AF2EC9 /* LoginButtonStyle.swift */; };
		11F94EBA2B2712E800AF2EC9 /* GoogleSignIn in Frameworks */ = {isa = PBXBuildFile; productRef = 11F94EB92B2712E800AF2EC9 /* GoogleSignIn */; };
		11F94EBD2B2713B400AF2EC9 /* User.swift in Sources */ = {isa = PBXBuildFile; fileRef = 11F94EBC2B2713B400AF2EC9 /* User.swift */; };
		11F94EBF2B2713FE00AF2EC9 /* ServiceError.swift in Sources */ = {isa = PBXBuildFile; fileRef = 11F94EBE2B2713FE00AF2EC9 /* ServiceError.swift */; };
		11F94EC22B289B8400AF2EC9 /* MainTabType.swift in Sources */ = {isa = PBXBuildFile; fileRef = 11F94EC12B289B8300AF2EC9 /* MainTabType.swift */; };
		11F94EC62B289C5400AF2EC9 /* HomeView.swift in Sources */ = {isa = PBXBuildFile; fileRef = 11F94EC52B289C5400AF2EC9 /* HomeView.swift */; };
		11F94EC92B289C5F00AF2EC9 /* ChatListView.swift in Sources */ = {isa = PBXBuildFile; fileRef = 11F94EC82B289C5F00AF2EC9 /* ChatListView.swift */; };
		11F94ECB2B289EC800AF2EC9 /* HomeViewModel.swift in Sources */ = {isa = PBXBuildFile; fileRef = 11F94ECA2B289EC800AF2EC9 /* HomeViewModel.swift */; };
		11F94ECD2B293D8000AF2EC9 /* FirebaseDatabase in Frameworks */ = {isa = PBXBuildFile; productRef = 11F94ECC2B293D8000AF2EC9 /* FirebaseDatabase */; };
		11F94ED02B2946C500AF2EC9 /* UserDBRepository.swift in Sources */ = {isa = PBXBuildFile; fileRef = 11F94ECF2B2946C500AF2EC9 /* UserDBRepository.swift */; };
		11F94ED22B29474700AF2EC9 /* UserService.swift in Sources */ = {isa = PBXBuildFile; fileRef = 11F94ED12B29474700AF2EC9 /* UserService.swift */; };
		11F94ED52B2A8FED00AF2EC9 /* UserObject.swift in Sources */ = {isa = PBXBuildFile; fileRef = 11F94ED42B2A8FED00AF2EC9 /* UserObject.swift */; };
		11F94ED72B2A90D200AF2EC9 /* DBError.swift in Sources */ = {isa = PBXBuildFile; fileRef = 11F94ED62B2A90D200AF2EC9 /* DBError.swift */; };
		11F94ED92B2A948C00AF2EC9 /* Constant.swift in Sources */ = {isa = PBXBuildFile; fileRef = 11F94ED82B2A948C00AF2EC9 /* Constant.swift */; };
		723ABD872AFFF1B800C260F1 /* LMessengerApp.swift in Sources */ = {isa = PBXBuildFile; fileRef = 723ABD862AFFF1B800C260F1 /* LMessengerApp.swift */; };
		723ABD892AFFF1B800C260F1 /* AuthenticationView.swift in Sources */ = {isa = PBXBuildFile; fileRef = 723ABD882AFFF1B800C260F1 /* AuthenticationView.swift */; };
		723ABD8B2AFFF1B900C260F1 /* Assets.xcassets in Resources */ = {isa = PBXBuildFile; fileRef = 723ABD8A2AFFF1B900C260F1 /* Assets.xcassets */; };
		723ABD8E2AFFF1B900C260F1 /* Preview Assets.xcassets in Resources */ = {isa = PBXBuildFile; fileRef = 723ABD8D2AFFF1B900C260F1 /* Preview Assets.xcassets */; };
		723ABD982AFFF1B900C260F1 /* LMessengerTests.swift in Sources */ = {isa = PBXBuildFile; fileRef = 723ABD972AFFF1B900C260F1 /* LMessengerTests.swift */; };
		723ABDA22AFFF1B900C260F1 /* LMessengerUITests.swift in Sources */ = {isa = PBXBuildFile; fileRef = 723ABDA12AFFF1B900C260F1 /* LMessengerUITests.swift */; };
		723ABDA42AFFF1B900C260F1 /* LMessengerUITestsLaunchTests.swift in Sources */ = {isa = PBXBuildFile; fileRef = 723ABDA32AFFF1B900C260F1 /* LMessengerUITestsLaunchTests.swift */; };
		723ABDB22AFFF1F000C260F1 /* Colors.xcassets in Resources */ = {isa = PBXBuildFile; fileRef = 723ABDB12AFFF1F000C260F1 /* Colors.xcassets */; };
		72E4BEFC2B00B871007A1060 /* Color+Extension.swift in Sources */ = {isa = PBXBuildFile; fileRef = 72E4BEFB2B00B871007A1060 /* Color+Extension.swift */; };
/* End PBXBuildFile section */

/* Begin PBXContainerItemProxy section */
		723ABD942AFFF1B900C260F1 /* PBXContainerItemProxy */ = {
			isa = PBXContainerItemProxy;
			containerPortal = 723ABD7B2AFFF1B800C260F1 /* Project object */;
			proxyType = 1;
			remoteGlobalIDString = 723ABD822AFFF1B800C260F1;
			remoteInfo = LMessenger;
		};
		723ABD9E2AFFF1B900C260F1 /* PBXContainerItemProxy */ = {
			isa = PBXContainerItemProxy;
			containerPortal = 723ABD7B2AFFF1B800C260F1 /* Project object */;
			proxyType = 1;
			remoteGlobalIDString = 723ABD822AFFF1B800C260F1;
			remoteInfo = LMessenger;
		};
/* End PBXContainerItemProxy section */

/* Begin PBXFileReference section */
		11C9EF962B2F29F900848E7B /* LMessenger.entitlements */ = {isa = PBXFileReference; lastKnownFileType = text.plist.entitlements; path = LMessenger.entitlements; sourceTree = "<group>"; };
		11C9EF982B2F362400848E7B /* RandomNonceString.swift */ = {isa = PBXFileReference; fileEncoding = 4; lastKnownFileType = sourcecode.swift; path = RandomNonceString.swift; sourceTree = "<group>"; };
		11C9EF992B2F362400848E7B /* SHA256.swift */ = {isa = PBXFileReference; fileEncoding = 4; lastKnownFileType = sourcecode.swift; path = SHA256.swift; sourceTree = "<group>"; };
		11F94E942B26DDA800AF2EC9 /* DIContainer.swift */ = {isa = PBXFileReference; lastKnownFileType = sourcecode.swift; name = DIContainer.swift; path = LMessenger/Resource/DIContainer.swift; sourceTree = SOURCE_ROOT; };
		11F94E972B26DE1000AF2EC9 /* Services.swift */ = {isa = PBXFileReference; lastKnownFileType = sourcecode.swift; path = Services.swift; sourceTree = "<group>"; };
		11F94E9B2B26DEE400AF2EC9 /* AuthenticationViewModel.swift */ = {isa = PBXFileReference; lastKnownFileType = sourcecode.swift; path = AuthenticationViewModel.swift; sourceTree = "<group>"; };
		11F94EA12B26EC8C00AF2EC9 /* .gitignore */ = {isa = PBXFileReference; lastKnownFileType = text; path = .gitignore; sourceTree = "<group>"; };
		11F94EA72B26F18A00AF2EC9 /* AppDelegate.swift */ = {isa = PBXFileReference; lastKnownFileType = sourcecode.swift; path = AppDelegate.swift; sourceTree = "<group>"; };
		11F94EA92B26F24D00AF2EC9 /* GoogleService-Info.plist */ = {isa = PBXFileReference; fileEncoding = 4; lastKnownFileType = text.plist.xml; path = "GoogleService-Info.plist"; sourceTree = "<group>"; };
		11F94EAB2B26F26300AF2EC9 /* Info.plist */ = {isa = PBXFileReference; lastKnownFileType = text.plist; path = Info.plist; sourceTree = "<group>"; };
		11F94EAC2B26F34C00AF2EC9 /* AuthenticationService.swift */ = {isa = PBXFileReference; lastKnownFileType = sourcecode.swift; path = AuthenticationService.swift; sourceTree = "<group>"; };
		11F94EB02B26F68F00AF2EC9 /* LoginIntroView.swift */ = {isa = PBXFileReference; lastKnownFileType = sourcecode.swift; path = LoginIntroView.swift; sourceTree = "<group>"; };
		11F94EB22B26F6A500AF2EC9 /* MainTabView.swift */ = {isa = PBXFileReference; lastKnownFileType = sourcecode.swift; path = MainTabView.swift; sourceTree = "<group>"; };
		11F94EB42B2706D500AF2EC9 /* LoginView.swift */ = {isa = PBXFileReference; lastKnownFileType = sourcecode.swift; path = LoginView.swift; sourceTree = "<group>"; };
		11F94EB62B2707A000AF2EC9 /* LoginButtonStyle.swift */ = {isa = PBXFileReference; lastKnownFileType = sourcecode.swift; path = LoginButtonStyle.swift; sourceTree = "<group>"; };
		11F94EBC2B2713B400AF2EC9 /* User.swift */ = {isa = PBXFileReference; lastKnownFileType = sourcecode.swift; path = User.swift; sourceTree = "<group>"; };
		11F94EBE2B2713FE00AF2EC9 /* ServiceError.swift */ = {isa = PBXFileReference; lastKnownFileType = sourcecode.swift; path = ServiceError.swift; sourceTree = "<group>"; };
		11F94EC12B289B8300AF2EC9 /* MainTabType.swift */ = {isa = PBXFileReference; lastKnownFileType = sourcecode.swift; path = MainTabType.swift; sourceTree = "<group>"; };
		11F94EC52B289C5400AF2EC9 /* HomeView.swift */ = {isa = PBXFileReference; lastKnownFileType = sourcecode.swift; path = HomeView.swift; sourceTree = "<group>"; };
		11F94EC82B289C5F00AF2EC9 /* ChatListView.swift */ = {isa = PBXFileReference; lastKnownFileType = sourcecode.swift; path = ChatListView.swift; sourceTree = "<group>"; };
		11F94ECA2B289EC800AF2EC9 /* HomeViewModel.swift */ = {isa = PBXFileReference; lastKnownFileType = sourcecode.swift; path = HomeViewModel.swift; sourceTree = "<group>"; };
		11F94ECF2B2946C500AF2EC9 /* UserDBRepository.swift */ = {isa = PBXFileReference; lastKnownFileType = sourcecode.swift; path = UserDBRepository.swift; sourceTree = "<group>"; };
		11F94ED12B29474700AF2EC9 /* UserService.swift */ = {isa = PBXFileReference; lastKnownFileType = sourcecode.swift; path = UserService.swift; sourceTree = "<group>"; };
		11F94ED42B2A8FED00AF2EC9 /* UserObject.swift */ = {isa = PBXFileReference; lastKnownFileType = sourcecode.swift; path = UserObject.swift; sourceTree = "<group>"; };
		11F94ED62B2A90D200AF2EC9 /* DBError.swift */ = {isa = PBXFileReference; lastKnownFileType = sourcecode.swift; path = DBError.swift; sourceTree = "<group>"; };
		11F94ED82B2A948C00AF2EC9 /* Constant.swift */ = {isa = PBXFileReference; lastKnownFileType = sourcecode.swift; path = Constant.swift; sourceTree = "<group>"; };
		723ABD832AFFF1B800C260F1 /* LMessenger.app */ = {isa = PBXFileReference; explicitFileType = wrapper.application; includeInIndex = 0; path = LMessenger.app; sourceTree = BUILT_PRODUCTS_DIR; };
		723ABD862AFFF1B800C260F1 /* LMessengerApp.swift */ = {isa = PBXFileReference; lastKnownFileType = sourcecode.swift; path = LMessengerApp.swift; sourceTree = "<group>"; };
		723ABD882AFFF1B800C260F1 /* AuthenticationView.swift */ = {isa = PBXFileReference; lastKnownFileType = sourcecode.swift; path = AuthenticationView.swift; sourceTree = "<group>"; };
		723ABD8A2AFFF1B900C260F1 /* Assets.xcassets */ = {isa = PBXFileReference; lastKnownFileType = folder.assetcatalog; path = Assets.xcassets; sourceTree = "<group>"; };
		723ABD8D2AFFF1B900C260F1 /* Preview Assets.xcassets */ = {isa = PBXFileReference; lastKnownFileType = folder.assetcatalog; path = "Preview Assets.xcassets"; sourceTree = "<group>"; };
		723ABD932AFFF1B900C260F1 /* LMessengerTests.xctest */ = {isa = PBXFileReference; explicitFileType = wrapper.cfbundle; includeInIndex = 0; path = LMessengerTests.xctest; sourceTree = BUILT_PRODUCTS_DIR; };
		723ABD972AFFF1B900C260F1 /* LMessengerTests.swift */ = {isa = PBXFileReference; lastKnownFileType = sourcecode.swift; path = LMessengerTests.swift; sourceTree = "<group>"; };
		723ABD9D2AFFF1B900C260F1 /* LMessengerUITests.xctest */ = {isa = PBXFileReference; explicitFileType = wrapper.cfbundle; includeInIndex = 0; path = LMessengerUITests.xctest; sourceTree = BUILT_PRODUCTS_DIR; };
		723ABDA12AFFF1B900C260F1 /* LMessengerUITests.swift */ = {isa = PBXFileReference; lastKnownFileType = sourcecode.swift; path = LMessengerUITests.swift; sourceTree = "<group>"; };
		723ABDA32AFFF1B900C260F1 /* LMessengerUITestsLaunchTests.swift */ = {isa = PBXFileReference; lastKnownFileType = sourcecode.swift; path = LMessengerUITestsLaunchTests.swift; sourceTree = "<group>"; };
		723ABDB12AFFF1F000C260F1 /* Colors.xcassets */ = {isa = PBXFileReference; lastKnownFileType = folder.assetcatalog; path = Colors.xcassets; sourceTree = "<group>"; };
		72E4BEFB2B00B871007A1060 /* Color+Extension.swift */ = {isa = PBXFileReference; fileEncoding = 4; lastKnownFileType = sourcecode.swift; path = "Color+Extension.swift"; sourceTree = "<group>"; };
/* End PBXFileReference section */

/* Begin PBXFrameworksBuildPhase section */
		723ABD802AFFF1B800C260F1 /* Frameworks */ = {
			isa = PBXFrameworksBuildPhase;
			buildActionMask = 2147483647;
			files = (
				11F94ECD2B293D8000AF2EC9 /* FirebaseDatabase in Frameworks */,
				11F94EA62B26F11100AF2EC9 /* FirebaseAuth in Frameworks */,
				11F94EBA2B2712E800AF2EC9 /* GoogleSignIn in Frameworks */,
			);
			runOnlyForDeploymentPostprocessing = 0;
		};
		723ABD902AFFF1B900C260F1 /* Frameworks */ = {
			isa = PBXFrameworksBuildPhase;
			buildActionMask = 2147483647;
			files = (
			);
			runOnlyForDeploymentPostprocessing = 0;
		};
		723ABD9A2AFFF1B900C260F1 /* Frameworks */ = {
			isa = PBXFrameworksBuildPhase;
			buildActionMask = 2147483647;
			files = (
			);
			runOnlyForDeploymentPostprocessing = 0;
		};
/* End PBXFrameworksBuildPhase section */

/* Begin PBXGroup section */
		11C9EF972B2F35DD00848E7B /* Util */ = {
			isa = PBXGroup;
			children = (
				11C9EF982B2F362400848E7B /* RandomNonceString.swift */,
				11C9EF992B2F362400848E7B /* SHA256.swift */,
			);
			path = Util;
			sourceTree = "<group>";
		};
		11F94E932B26DD9700AF2EC9 /* General */ = {
			isa = PBXGroup;
			children = (
				11F94E942B26DDA800AF2EC9 /* DIContainer.swift */,
				11F94ED82B2A948C00AF2EC9 /* Constant.swift */,
			);
			path = General;
			sourceTree = "<group>";
		};
		11F94E962B26DE0300AF2EC9 /* Service */ = {
			isa = PBXGroup;
			children = (
				11F94E972B26DE1000AF2EC9 /* Services.swift */,
				11F94EAC2B26F34C00AF2EC9 /* AuthenticationService.swift */,
				11F94EBE2B2713FE00AF2EC9 /* ServiceError.swift */,
				11F94ED12B29474700AF2EC9 /* UserService.swift */,
			);
			path = Service;
			sourceTree = "<group>";
		};
		11F94E992B26DEAF00AF2EC9 /* View */ = {
			isa = PBXGroup;
			children = (
				11F94EC42B289C4500AF2EC9 /* ChatList */,
				11F94EC32B289C3F00AF2EC9 /* Home */,
				11F94E9A2B26DEB700AF2EC9 /* Authentication */,
				11F94EAE2B26F66C00AF2EC9 /* Login */,
				11F94EAF2B26F67600AF2EC9 /* MainTab */,
			);
			path = View;
			sourceTree = "<group>";
		};
		11F94E9A2B26DEB700AF2EC9 /* Authentication */ = {
			isa = PBXGroup;
			children = (
				723ABD882AFFF1B800C260F1 /* AuthenticationView.swift */,
				11F94E9B2B26DEE400AF2EC9 /* AuthenticationViewModel.swift */,
			);
			path = Authentication;
			sourceTree = "<group>";
		};
		11F94EA42B26F11100AF2EC9 /* Frameworks */ = {
			isa = PBXGroup;
			children = (
			);
			name = Frameworks;
			sourceTree = "<group>";
		};
		11F94EAE2B26F66C00AF2EC9 /* Login */ = {
			isa = PBXGroup;
			children = (
				11F94EB42B2706D500AF2EC9 /* LoginView.swift */,
				11F94EB02B26F68F00AF2EC9 /* LoginIntroView.swift */,
				11F94EB62B2707A000AF2EC9 /* LoginButtonStyle.swift */,
			);
			path = Login;
			sourceTree = "<group>";
		};
		11F94EAF2B26F67600AF2EC9 /* MainTab */ = {
			isa = PBXGroup;
			children = (
				11F94EB22B26F6A500AF2EC9 /* MainTabView.swift */,
				11F94EC12B289B8300AF2EC9 /* MainTabType.swift */,
			);
			path = MainTab;
			sourceTree = "<group>";
		};
		11F94EBB2B27139000AF2EC9 /* Model */ = {
			isa = PBXGroup;
			children = (
				11F94EBC2B2713B400AF2EC9 /* User.swift */,
			);
			path = Model;
			sourceTree = "<group>";
		};
		11F94EC32B289C3F00AF2EC9 /* Home */ = {
			isa = PBXGroup;
			children = (
				11F94EC52B289C5400AF2EC9 /* HomeView.swift */,
				11F94ECA2B289EC800AF2EC9 /* HomeViewModel.swift */,
			);
			path = Home;
			sourceTree = "<group>";
		};
		11F94EC42B289C4500AF2EC9 /* ChatList */ = {
			isa = PBXGroup;
			children = (
				11F94EC82B289C5F00AF2EC9 /* ChatListView.swift */,
			);
			path = ChatList;
			sourceTree = "<group>";
		};
		11F94ECE2B2946A500AF2EC9 /* Repository */ = {
			isa = PBXGroup;
			children = (
				11F94ED32B2A8FE600AF2EC9 /* DTO */,
				11F94ECF2B2946C500AF2EC9 /* UserDBRepository.swift */,
				11F94ED62B2A90D200AF2EC9 /* DBError.swift */,
			);
			path = Repository;
			sourceTree = "<group>";
		};
		11F94ED32B2A8FE600AF2EC9 /* DTO */ = {
			isa = PBXGroup;
			children = (
				11F94ED42B2A8FED00AF2EC9 /* UserObject.swift */,
			);
			path = DTO;
			sourceTree = "<group>";
		};
		723ABD7A2AFFF1B800C260F1 = {
			isa = PBXGroup;
			children = (
				11F94EA12B26EC8C00AF2EC9 /* .gitignore */,
				723ABD852AFFF1B800C260F1 /* LMessenger */,
				723ABD962AFFF1B900C260F1 /* LMessengerTests */,
				723ABDA02AFFF1B900C260F1 /* LMessengerUITests */,
				723ABD842AFFF1B800C260F1 /* Products */,
				11F94EA42B26F11100AF2EC9 /* Frameworks */,
			);
			sourceTree = "<group>";
		};
		723ABD842AFFF1B800C260F1 /* Products */ = {
			isa = PBXGroup;
			children = (
				723ABD832AFFF1B800C260F1 /* LMessenger.app */,
				723ABD932AFFF1B900C260F1 /* LMessengerTests.xctest */,
				723ABD9D2AFFF1B900C260F1 /* LMessengerUITests.xctest */,
			);
			name = Products;
			sourceTree = "<group>";
		};
		723ABD852AFFF1B800C260F1 /* LMessenger */ = {
			isa = PBXGroup;
			children = (
				11C9EF972B2F35DD00848E7B /* Util */,
				11C9EF962B2F29F900848E7B /* LMessenger.entitlements */,
				11F94EAB2B26F26300AF2EC9 /* Info.plist */,
				11F94EA92B26F24D00AF2EC9 /* GoogleService-Info.plist */,
				723ABD862AFFF1B800C260F1 /* LMessengerApp.swift */,
				11F94EA72B26F18A00AF2EC9 /* AppDelegate.swift */,
				11F94E932B26DD9700AF2EC9 /* General */,
				11F94E992B26DEAF00AF2EC9 /* View */,
				11F94EBB2B27139000AF2EC9 /* Model */,
				11F94E962B26DE0300AF2EC9 /* Service */,
				11F94ECE2B2946A500AF2EC9 /* Repository */,
				72E4BEFA2B00B871007A1060 /* Extension */,
				723ABDB02AFFF1D800C260F1 /* Resource */,
				723ABD8C2AFFF1B900C260F1 /* Preview Content */,
			);
			path = LMessenger;
			sourceTree = "<group>";
		};
		723ABD8C2AFFF1B900C260F1 /* Preview Content */ = {
			isa = PBXGroup;
			children = (
				723ABD8D2AFFF1B900C260F1 /* Preview Assets.xcassets */,
			);
			path = "Preview Content";
			sourceTree = "<group>";
		};
		723ABD962AFFF1B900C260F1 /* LMessengerTests */ = {
			isa = PBXGroup;
			children = (
				723ABD972AFFF1B900C260F1 /* LMessengerTests.swift */,
			);
			path = LMessengerTests;
			sourceTree = "<group>";
		};
		723ABDA02AFFF1B900C260F1 /* LMessengerUITests */ = {
			isa = PBXGroup;
			children = (
				723ABDA12AFFF1B900C260F1 /* LMessengerUITests.swift */,
				723ABDA32AFFF1B900C260F1 /* LMessengerUITestsLaunchTests.swift */,
			);
			path = LMessengerUITests;
			sourceTree = "<group>";
		};
		723ABDB02AFFF1D800C260F1 /* Resource */ = {
			isa = PBXGroup;
			children = (
				723ABD8A2AFFF1B900C260F1 /* Assets.xcassets */,
				723ABDB12AFFF1F000C260F1 /* Colors.xcassets */,
			);
			path = Resource;
			sourceTree = "<group>";
		};
		72E4BEFA2B00B871007A1060 /* Extension */ = {
			isa = PBXGroup;
			children = (
				72E4BEFB2B00B871007A1060 /* Color+Extension.swift */,
			);
			path = Extension;
			sourceTree = "<group>";
		};
/* End PBXGroup section */

/* Begin PBXNativeTarget section */
		723ABD822AFFF1B800C260F1 /* LMessenger */ = {
			isa = PBXNativeTarget;
			buildConfigurationList = 723ABDA72AFFF1B900C260F1 /* Build configuration list for PBXNativeTarget "LMessenger" */;
			buildPhases = (
				723ABD7F2AFFF1B800C260F1 /* Sources */,
				723ABD802AFFF1B800C260F1 /* Frameworks */,
				723ABD812AFFF1B800C260F1 /* Resources */,
			);
			buildRules = (
			);
			dependencies = (
			);
			name = LMessenger;
			packageProductDependencies = (
				11F94EA52B26F11100AF2EC9 /* FirebaseAuth */,
				11F94EB92B2712E800AF2EC9 /* GoogleSignIn */,
				11F94ECC2B293D8000AF2EC9 /* FirebaseDatabase */,
			);
			productName = LMessenger;
			productReference = 723ABD832AFFF1B800C260F1 /* LMessenger.app */;
			productType = "com.apple.product-type.application";
		};
		723ABD922AFFF1B900C260F1 /* LMessengerTests */ = {
			isa = PBXNativeTarget;
			buildConfigurationList = 723ABDAA2AFFF1B900C260F1 /* Build configuration list for PBXNativeTarget "LMessengerTests" */;
			buildPhases = (
				723ABD8F2AFFF1B900C260F1 /* Sources */,
				723ABD902AFFF1B900C260F1 /* Frameworks */,
				723ABD912AFFF1B900C260F1 /* Resources */,
			);
			buildRules = (
			);
			dependencies = (
				723ABD952AFFF1B900C260F1 /* PBXTargetDependency */,
			);
			name = LMessengerTests;
			productName = LMessengerTests;
			productReference = 723ABD932AFFF1B900C260F1 /* LMessengerTests.xctest */;
			productType = "com.apple.product-type.bundle.unit-test";
		};
		723ABD9C2AFFF1B900C260F1 /* LMessengerUITests */ = {
			isa = PBXNativeTarget;
			buildConfigurationList = 723ABDAD2AFFF1B900C260F1 /* Build configuration list for PBXNativeTarget "LMessengerUITests" */;
			buildPhases = (
				723ABD992AFFF1B900C260F1 /* Sources */,
				723ABD9A2AFFF1B900C260F1 /* Frameworks */,
				723ABD9B2AFFF1B900C260F1 /* Resources */,
			);
			buildRules = (
			);
			dependencies = (
				723ABD9F2AFFF1B900C260F1 /* PBXTargetDependency */,
			);
			name = LMessengerUITests;
			productName = LMessengerUITests;
			productReference = 723ABD9D2AFFF1B900C260F1 /* LMessengerUITests.xctest */;
			productType = "com.apple.product-type.bundle.ui-testing";
		};
/* End PBXNativeTarget section */

/* Begin PBXProject section */
		723ABD7B2AFFF1B800C260F1 /* Project object */ = {
			isa = PBXProject;
			attributes = {
				BuildIndependentTargetsInParallel = 1;
				LastSwiftUpdateCheck = 1430;
				LastUpgradeCheck = 1430;
				TargetAttributes = {
					723ABD822AFFF1B800C260F1 = {
						CreatedOnToolsVersion = 14.3;
					};
					723ABD922AFFF1B900C260F1 = {
						CreatedOnToolsVersion = 14.3;
						TestTargetID = 723ABD822AFFF1B800C260F1;
					};
					723ABD9C2AFFF1B900C260F1 = {
						CreatedOnToolsVersion = 14.3;
						TestTargetID = 723ABD822AFFF1B800C260F1;
					};
				};
			};
			buildConfigurationList = 723ABD7E2AFFF1B800C260F1 /* Build configuration list for PBXProject "LMessenger" */;
			compatibilityVersion = "Xcode 14.0";
			developmentRegion = en;
			hasScannedForEncodings = 0;
			knownRegions = (
				en,
				Base,
			);
			mainGroup = 723ABD7A2AFFF1B800C260F1;
			packageReferences = (
				11F94EA32B26F0E700AF2EC9 /* XCRemoteSwiftPackageReference "firebase-ios-sdk" */,
				11F94EB82B27126E00AF2EC9 /* XCRemoteSwiftPackageReference "GoogleSignIn-iOS" */,
			);
			productRefGroup = 723ABD842AFFF1B800C260F1 /* Products */;
			projectDirPath = "";
			projectRoot = "";
			targets = (
				723ABD822AFFF1B800C260F1 /* LMessenger */,
				723ABD922AFFF1B900C260F1 /* LMessengerTests */,
				723ABD9C2AFFF1B900C260F1 /* LMessengerUITests */,
			);
		};
/* End PBXProject section */

/* Begin PBXResourcesBuildPhase section */
		723ABD812AFFF1B800C260F1 /* Resources */ = {
			isa = PBXResourcesBuildPhase;
			buildActionMask = 2147483647;
			files = (
				11F94EA22B26EC8C00AF2EC9 /* .gitignore in Resources */,
				723ABDB22AFFF1F000C260F1 /* Colors.xcassets in Resources */,
				11F94EAA2B26F24D00AF2EC9 /* GoogleService-Info.plist in Resources */,
				723ABD8E2AFFF1B900C260F1 /* Preview Assets.xcassets in Resources */,
				723ABD8B2AFFF1B900C260F1 /* Assets.xcassets in Resources */,
			);
			runOnlyForDeploymentPostprocessing = 0;
		};
		723ABD912AFFF1B900C260F1 /* Resources */ = {
			isa = PBXResourcesBuildPhase;
			buildActionMask = 2147483647;
			files = (
			);
			runOnlyForDeploymentPostprocessing = 0;
		};
		723ABD9B2AFFF1B900C260F1 /* Resources */ = {
			isa = PBXResourcesBuildPhase;
			buildActionMask = 2147483647;
			files = (
			);
			runOnlyForDeploymentPostprocessing = 0;
		};
/* End PBXResourcesBuildPhase section */

/* Begin PBXSourcesBuildPhase section */
		723ABD7F2AFFF1B800C260F1 /* Sources */ = {
			isa = PBXSourcesBuildPhase;
			buildActionMask = 2147483647;
			files = (
				11F94EBD2B2713B400AF2EC9 /* User.swift in Sources */,
				11F94ECB2B289EC800AF2EC9 /* HomeViewModel.swift in Sources */,
				11F94ED72B2A90D200AF2EC9 /* DBError.swift in Sources */,
				11F94EB12B26F68F00AF2EC9 /* LoginIntroView.swift in Sources */,
				11F94E9C2B26DEE400AF2EC9 /* AuthenticationViewModel.swift in Sources */,
				11C9EF9A2B2F362400848E7B /* RandomNonceString.swift in Sources */,
				11F94E982B26DE1000AF2EC9 /* Services.swift in Sources */,
				11F94E952B26DDA800AF2EC9 /* DIContainer.swift in Sources */,
				723ABD892AFFF1B800C260F1 /* AuthenticationView.swift in Sources */,
				11F94EA82B26F18A00AF2EC9 /* AppDelegate.swift in Sources */,
				72E4BEFC2B00B871007A1060 /* Color+Extension.swift in Sources */,
				11F94ED92B2A948C00AF2EC9 /* Constant.swift in Sources */,
				11F94EC22B289B8400AF2EC9 /* MainTabType.swift in Sources */,
				11F94EB72B2707A000AF2EC9 /* LoginButtonStyle.swift in Sources */,
				723ABD872AFFF1B800C260F1 /* LMessengerApp.swift in Sources */,
				11F94EB52B2706D500AF2EC9 /* LoginView.swift in Sources */,
				11C9EF9B2B2F362400848E7B /* SHA256.swift in Sources */,
				11F94EAD2B26F34C00AF2EC9 /* AuthenticationService.swift in Sources */,
				11F94EC62B289C5400AF2EC9 /* HomeView.swift in Sources */,
				11F94EBF2B2713FE00AF2EC9 /* ServiceError.swift in Sources */,
				11F94ED22B29474700AF2EC9 /* UserService.swift in Sources */,
				11F94ED02B2946C500AF2EC9 /* UserDBRepository.swift in Sources */,
				11F94EB32B26F6A500AF2EC9 /* MainTabView.swift in Sources */,
				11F94EC92B289C5F00AF2EC9 /* ChatListView.swift in Sources */,
				11F94ED52B2A8FED00AF2EC9 /* UserObject.swift in Sources */,
			);
			runOnlyForDeploymentPostprocessing = 0;
		};
		723ABD8F2AFFF1B900C260F1 /* Sources */ = {
			isa = PBXSourcesBuildPhase;
			buildActionMask = 2147483647;
			files = (
				723ABD982AFFF1B900C260F1 /* LMessengerTests.swift in Sources */,
			);
			runOnlyForDeploymentPostprocessing = 0;
		};
		723ABD992AFFF1B900C260F1 /* Sources */ = {
			isa = PBXSourcesBuildPhase;
			buildActionMask = 2147483647;
			files = (
				723ABDA22AFFF1B900C260F1 /* LMessengerUITests.swift in Sources */,
				723ABDA42AFFF1B900C260F1 /* LMessengerUITestsLaunchTests.swift in Sources */,
			);
			runOnlyForDeploymentPostprocessing = 0;
		};
/* End PBXSourcesBuildPhase section */

/* Begin PBXTargetDependency section */
		723ABD952AFFF1B900C260F1 /* PBXTargetDependency */ = {
			isa = PBXTargetDependency;
			target = 723ABD822AFFF1B800C260F1 /* LMessenger */;
			targetProxy = 723ABD942AFFF1B900C260F1 /* PBXContainerItemProxy */;
		};
		723ABD9F2AFFF1B900C260F1 /* PBXTargetDependency */ = {
			isa = PBXTargetDependency;
			target = 723ABD822AFFF1B800C260F1 /* LMessenger */;
			targetProxy = 723ABD9E2AFFF1B900C260F1 /* PBXContainerItemProxy */;
		};
/* End PBXTargetDependency section */

/* Begin XCBuildConfiguration section */
		723ABDA52AFFF1B900C260F1 /* Debug */ = {
			isa = XCBuildConfiguration;
			buildSettings = {
				ALWAYS_SEARCH_USER_PATHS = NO;
				CLANG_ANALYZER_NONNULL = YES;
				CLANG_ANALYZER_NUMBER_OBJECT_CONVERSION = YES_AGGRESSIVE;
				CLANG_CXX_LANGUAGE_STANDARD = "gnu++20";
				CLANG_ENABLE_MODULES = YES;
				CLANG_ENABLE_OBJC_ARC = YES;
				CLANG_ENABLE_OBJC_WEAK = YES;
				CLANG_WARN_BLOCK_CAPTURE_AUTORELEASING = YES;
				CLANG_WARN_BOOL_CONVERSION = YES;
				CLANG_WARN_COMMA = YES;
				CLANG_WARN_CONSTANT_CONVERSION = YES;
				CLANG_WARN_DEPRECATED_OBJC_IMPLEMENTATIONS = YES;
				CLANG_WARN_DIRECT_OBJC_ISA_USAGE = YES_ERROR;
				CLANG_WARN_DOCUMENTATION_COMMENTS = YES;
				CLANG_WARN_EMPTY_BODY = YES;
				CLANG_WARN_ENUM_CONVERSION = YES;
				CLANG_WARN_INFINITE_RECURSION = YES;
				CLANG_WARN_INT_CONVERSION = YES;
				CLANG_WARN_NON_LITERAL_NULL_CONVERSION = YES;
				CLANG_WARN_OBJC_IMPLICIT_RETAIN_SELF = YES;
				CLANG_WARN_OBJC_LITERAL_CONVERSION = YES;
				CLANG_WARN_OBJC_ROOT_CLASS = YES_ERROR;
				CLANG_WARN_QUOTED_INCLUDE_IN_FRAMEWORK_HEADER = YES;
				CLANG_WARN_RANGE_LOOP_ANALYSIS = YES;
				CLANG_WARN_STRICT_PROTOTYPES = YES;
				CLANG_WARN_SUSPICIOUS_MOVE = YES;
				CLANG_WARN_UNGUARDED_AVAILABILITY = YES_AGGRESSIVE;
				CLANG_WARN_UNREACHABLE_CODE = YES;
				CLANG_WARN__DUPLICATE_METHOD_MATCH = YES;
				COPY_PHASE_STRIP = NO;
				DEBUG_INFORMATION_FORMAT = dwarf;
				ENABLE_STRICT_OBJC_MSGSEND = YES;
				ENABLE_TESTABILITY = YES;
				GCC_C_LANGUAGE_STANDARD = gnu11;
				GCC_DYNAMIC_NO_PIC = NO;
				GCC_NO_COMMON_BLOCKS = YES;
				GCC_OPTIMIZATION_LEVEL = 0;
				GCC_PREPROCESSOR_DEFINITIONS = (
					"DEBUG=1",
					"$(inherited)",
				);
				GCC_WARN_64_TO_32_BIT_CONVERSION = YES;
				GCC_WARN_ABOUT_RETURN_TYPE = YES_ERROR;
				GCC_WARN_UNDECLARED_SELECTOR = YES;
				GCC_WARN_UNINITIALIZED_AUTOS = YES_AGGRESSIVE;
				GCC_WARN_UNUSED_FUNCTION = YES;
				GCC_WARN_UNUSED_VARIABLE = YES;
				IPHONEOS_DEPLOYMENT_TARGET = 16.4;
				MTL_ENABLE_DEBUG_INFO = INCLUDE_SOURCE;
				MTL_FAST_MATH = YES;
				ONLY_ACTIVE_ARCH = YES;
				SDKROOT = iphoneos;
				SWIFT_ACTIVE_COMPILATION_CONDITIONS = DEBUG;
				SWIFT_OPTIMIZATION_LEVEL = "-Onone";
			};
			name = Debug;
		};
		723ABDA62AFFF1B900C260F1 /* Release */ = {
			isa = XCBuildConfiguration;
			buildSettings = {
				ALWAYS_SEARCH_USER_PATHS = NO;
				CLANG_ANALYZER_NONNULL = YES;
				CLANG_ANALYZER_NUMBER_OBJECT_CONVERSION = YES_AGGRESSIVE;
				CLANG_CXX_LANGUAGE_STANDARD = "gnu++20";
				CLANG_ENABLE_MODULES = YES;
				CLANG_ENABLE_OBJC_ARC = YES;
				CLANG_ENABLE_OBJC_WEAK = YES;
				CLANG_WARN_BLOCK_CAPTURE_AUTORELEASING = YES;
				CLANG_WARN_BOOL_CONVERSION = YES;
				CLANG_WARN_COMMA = YES;
				CLANG_WARN_CONSTANT_CONVERSION = YES;
				CLANG_WARN_DEPRECATED_OBJC_IMPLEMENTATIONS = YES;
				CLANG_WARN_DIRECT_OBJC_ISA_USAGE = YES_ERROR;
				CLANG_WARN_DOCUMENTATION_COMMENTS = YES;
				CLANG_WARN_EMPTY_BODY = YES;
				CLANG_WARN_ENUM_CONVERSION = YES;
				CLANG_WARN_INFINITE_RECURSION = YES;
				CLANG_WARN_INT_CONVERSION = YES;
				CLANG_WARN_NON_LITERAL_NULL_CONVERSION = YES;
				CLANG_WARN_OBJC_IMPLICIT_RETAIN_SELF = YES;
				CLANG_WARN_OBJC_LITERAL_CONVERSION = YES;
				CLANG_WARN_OBJC_ROOT_CLASS = YES_ERROR;
				CLANG_WARN_QUOTED_INCLUDE_IN_FRAMEWORK_HEADER = YES;
				CLANG_WARN_RANGE_LOOP_ANALYSIS = YES;
				CLANG_WARN_STRICT_PROTOTYPES = YES;
				CLANG_WARN_SUSPICIOUS_MOVE = YES;
				CLANG_WARN_UNGUARDED_AVAILABILITY = YES_AGGRESSIVE;
				CLANG_WARN_UNREACHABLE_CODE = YES;
				CLANG_WARN__DUPLICATE_METHOD_MATCH = YES;
				COPY_PHASE_STRIP = NO;
				DEBUG_INFORMATION_FORMAT = "dwarf-with-dsym";
				ENABLE_NS_ASSERTIONS = NO;
				ENABLE_STRICT_OBJC_MSGSEND = YES;
				GCC_C_LANGUAGE_STANDARD = gnu11;
				GCC_NO_COMMON_BLOCKS = YES;
				GCC_WARN_64_TO_32_BIT_CONVERSION = YES;
				GCC_WARN_ABOUT_RETURN_TYPE = YES_ERROR;
				GCC_WARN_UNDECLARED_SELECTOR = YES;
				GCC_WARN_UNINITIALIZED_AUTOS = YES_AGGRESSIVE;
				GCC_WARN_UNUSED_FUNCTION = YES;
				GCC_WARN_UNUSED_VARIABLE = YES;
				IPHONEOS_DEPLOYMENT_TARGET = 16.4;
				MTL_ENABLE_DEBUG_INFO = NO;
				MTL_FAST_MATH = YES;
				SDKROOT = iphoneos;
				SWIFT_COMPILATION_MODE = wholemodule;
				SWIFT_OPTIMIZATION_LEVEL = "-O";
				VALIDATE_PRODUCT = YES;
			};
			name = Release;
		};
		723ABDA82AFFF1B900C260F1 /* Debug */ = {
			isa = XCBuildConfiguration;
			buildSettings = {
				ASSETCATALOG_COMPILER_APPICON_NAME = AppIcon;
				ASSETCATALOG_COMPILER_GLOBAL_ACCENT_COLOR_NAME = AccentColor;
				CODE_SIGN_ENTITLEMENTS = LMessenger/LMessenger.entitlements;
				CODE_SIGN_STYLE = Automatic;
				CURRENT_PROJECT_VERSION = 1;
				DEVELOPMENT_ASSET_PATHS = "\"LMessenger/Preview Content\"";
				DEVELOPMENT_TEAM = "";
				ENABLE_PREVIEWS = YES;
				GENERATE_INFOPLIST_FILE = YES;
				INFOPLIST_FILE = LMessenger/Info.plist;
				INFOPLIST_KEY_UIApplicationSceneManifest_Generation = YES;
				INFOPLIST_KEY_UIApplicationSupportsIndirectInputEvents = YES;
				INFOPLIST_KEY_UILaunchScreen_Generation = YES;
				INFOPLIST_KEY_UISupportedInterfaceOrientations_iPad = "UIInterfaceOrientationPortrait UIInterfaceOrientationPortraitUpsideDown UIInterfaceOrientationLandscapeLeft UIInterfaceOrientationLandscapeRight";
				INFOPLIST_KEY_UISupportedInterfaceOrientations_iPhone = "UIInterfaceOrientationPortrait UIInterfaceOrientationLandscapeLeft UIInterfaceOrientationLandscapeRight";
				LD_RUNPATH_SEARCH_PATHS = (
					"$(inherited)",
					"@executable_path/Frameworks",
				);
				MARKETING_VERSION = 1.0;
				PRODUCT_BUNDLE_IDENTIFIER = com.fastcampus.LMessenger;
				PRODUCT_NAME = "$(TARGET_NAME)";
				SWIFT_EMIT_LOC_STRINGS = YES;
				SWIFT_VERSION = 5.0;
				TARGETED_DEVICE_FAMILY = "1,2";
			};
			name = Debug;
		};
		723ABDA92AFFF1B900C260F1 /* Release */ = {
			isa = XCBuildConfiguration;
			buildSettings = {
				ASSETCATALOG_COMPILER_APPICON_NAME = AppIcon;
				ASSETCATALOG_COMPILER_GLOBAL_ACCENT_COLOR_NAME = AccentColor;
				CODE_SIGN_ENTITLEMENTS = LMessenger/LMessenger.entitlements;
				CODE_SIGN_STYLE = Automatic;
				CURRENT_PROJECT_VERSION = 1;
				DEVELOPMENT_ASSET_PATHS = "\"LMessenger/Preview Content\"";
				DEVELOPMENT_TEAM = "";
				ENABLE_PREVIEWS = YES;
				GENERATE_INFOPLIST_FILE = YES;
				INFOPLIST_FILE = LMessenger/Info.plist;
				INFOPLIST_KEY_UIApplicationSceneManifest_Generation = YES;
				INFOPLIST_KEY_UIApplicationSupportsIndirectInputEvents = YES;
				INFOPLIST_KEY_UILaunchScreen_Generation = YES;
				INFOPLIST_KEY_UISupportedInterfaceOrientations_iPad = "UIInterfaceOrientationPortrait UIInterfaceOrientationPortraitUpsideDown UIInterfaceOrientationLandscapeLeft UIInterfaceOrientationLandscapeRight";
				INFOPLIST_KEY_UISupportedInterfaceOrientations_iPhone = "UIInterfaceOrientationPortrait UIInterfaceOrientationLandscapeLeft UIInterfaceOrientationLandscapeRight";
				LD_RUNPATH_SEARCH_PATHS = (
					"$(inherited)",
					"@executable_path/Frameworks",
				);
				MARKETING_VERSION = 1.0;
				PRODUCT_BUNDLE_IDENTIFIER = com.fastcampus.LMessenger;
				PRODUCT_NAME = "$(TARGET_NAME)";
				SWIFT_EMIT_LOC_STRINGS = YES;
				SWIFT_VERSION = 5.0;
				TARGETED_DEVICE_FAMILY = "1,2";
			};
			name = Release;
		};
		723ABDAB2AFFF1B900C260F1 /* Debug */ = {
			isa = XCBuildConfiguration;
			buildSettings = {
				ALWAYS_EMBED_SWIFT_STANDARD_LIBRARIES = YES;
				BUNDLE_LOADER = "$(TEST_HOST)";
				CODE_SIGN_STYLE = Automatic;
				CURRENT_PROJECT_VERSION = 1;
				DEVELOPMENT_TEAM = 3TJC44V5L9;
				GENERATE_INFOPLIST_FILE = YES;
				IPHONEOS_DEPLOYMENT_TARGET = 16.4;
				MARKETING_VERSION = 1.0;
				PRODUCT_BUNDLE_IDENTIFIER = com.fastcampus.LMessengerTests;
				PRODUCT_NAME = "$(TARGET_NAME)";
				SWIFT_EMIT_LOC_STRINGS = NO;
				SWIFT_VERSION = 5.0;
				TARGETED_DEVICE_FAMILY = "1,2";
				TEST_HOST = "$(BUILT_PRODUCTS_DIR)/LMessenger.app/$(BUNDLE_EXECUTABLE_FOLDER_PATH)/LMessenger";
			};
			name = Debug;
		};
		723ABDAC2AFFF1B900C260F1 /* Release */ = {
			isa = XCBuildConfiguration;
			buildSettings = {
				ALWAYS_EMBED_SWIFT_STANDARD_LIBRARIES = YES;
				BUNDLE_LOADER = "$(TEST_HOST)";
				CODE_SIGN_STYLE = Automatic;
				CURRENT_PROJECT_VERSION = 1;
				DEVELOPMENT_TEAM = 3TJC44V5L9;
				GENERATE_INFOPLIST_FILE = YES;
				IPHONEOS_DEPLOYMENT_TARGET = 16.4;
				MARKETING_VERSION = 1.0;
				PRODUCT_BUNDLE_IDENTIFIER = com.fastcampus.LMessengerTests;
				PRODUCT_NAME = "$(TARGET_NAME)";
				SWIFT_EMIT_LOC_STRINGS = NO;
				SWIFT_VERSION = 5.0;
				TARGETED_DEVICE_FAMILY = "1,2";
				TEST_HOST = "$(BUILT_PRODUCTS_DIR)/LMessenger.app/$(BUNDLE_EXECUTABLE_FOLDER_PATH)/LMessenger";
			};
			name = Release;
		};
		723ABDAE2AFFF1B900C260F1 /* Debug */ = {
			isa = XCBuildConfiguration;
			buildSettings = {
				ALWAYS_EMBED_SWIFT_STANDARD_LIBRARIES = YES;
				CODE_SIGN_STYLE = Automatic;
				CURRENT_PROJECT_VERSION = 1;
				DEVELOPMENT_TEAM = 3TJC44V5L9;
				GENERATE_INFOPLIST_FILE = YES;
				MARKETING_VERSION = 1.0;
				PRODUCT_BUNDLE_IDENTIFIER = com.fastcampus.LMessengerUITests;
				PRODUCT_NAME = "$(TARGET_NAME)";
				SWIFT_EMIT_LOC_STRINGS = NO;
				SWIFT_VERSION = 5.0;
				TARGETED_DEVICE_FAMILY = "1,2";
				TEST_TARGET_NAME = LMessenger;
			};
			name = Debug;
		};
		723ABDAF2AFFF1B900C260F1 /* Release */ = {
			isa = XCBuildConfiguration;
			buildSettings = {
				ALWAYS_EMBED_SWIFT_STANDARD_LIBRARIES = YES;
				CODE_SIGN_STYLE = Automatic;
				CURRENT_PROJECT_VERSION = 1;
				DEVELOPMENT_TEAM = 3TJC44V5L9;
				GENERATE_INFOPLIST_FILE = YES;
				MARKETING_VERSION = 1.0;
				PRODUCT_BUNDLE_IDENTIFIER = com.fastcampus.LMessengerUITests;
				PRODUCT_NAME = "$(TARGET_NAME)";
				SWIFT_EMIT_LOC_STRINGS = NO;
				SWIFT_VERSION = 5.0;
				TARGETED_DEVICE_FAMILY = "1,2";
				TEST_TARGET_NAME = LMessenger;
			};
			name = Release;
		};
/* End XCBuildConfiguration section */

/* Begin XCConfigurationList section */
		723ABD7E2AFFF1B800C260F1 /* Build configuration list for PBXProject "LMessenger" */ = {
			isa = XCConfigurationList;
			buildConfigurations = (
				723ABDA52AFFF1B900C260F1 /* Debug */,
				723ABDA62AFFF1B900C260F1 /* Release */,
			);
			defaultConfigurationIsVisible = 0;
			defaultConfigurationName = Release;
		};
		723ABDA72AFFF1B900C260F1 /* Build configuration list for PBXNativeTarget "LMessenger" */ = {
			isa = XCConfigurationList;
			buildConfigurations = (
				723ABDA82AFFF1B900C260F1 /* Debug */,
				723ABDA92AFFF1B900C260F1 /* Release */,
			);
			defaultConfigurationIsVisible = 0;
			defaultConfigurationName = Release;
		};
		723ABDAA2AFFF1B900C260F1 /* Build configuration list for PBXNativeTarget "LMessengerTests" */ = {
			isa = XCConfigurationList;
			buildConfigurations = (
				723ABDAB2AFFF1B900C260F1 /* Debug */,
				723ABDAC2AFFF1B900C260F1 /* Release */,
			);
			defaultConfigurationIsVisible = 0;
			defaultConfigurationName = Release;
		};
		723ABDAD2AFFF1B900C260F1 /* Build configuration list for PBXNativeTarget "LMessengerUITests" */ = {
			isa = XCConfigurationList;
			buildConfigurations = (
				723ABDAE2AFFF1B900C260F1 /* Debug */,
				723ABDAF2AFFF1B900C260F1 /* Release */,
			);
			defaultConfigurationIsVisible = 0;
			defaultConfigurationName = Release;
		};
/* End XCConfigurationList section */

/* Begin XCRemoteSwiftPackageReference section */
		11F94EA32B26F0E700AF2EC9 /* XCRemoteSwiftPackageReference "firebase-ios-sdk" */ = {
			isa = XCRemoteSwiftPackageReference;
			repositoryURL = "https://github.com/firebase/firebase-ios-sdk";
			requirement = {
				kind = upToNextMajorVersion;
				minimumVersion = 10.19.0;
			};
		};
		11F94EB82B27126E00AF2EC9 /* XCRemoteSwiftPackageReference "GoogleSignIn-iOS" */ = {
			isa = XCRemoteSwiftPackageReference;
			repositoryURL = "https://github.com/google/GoogleSignIn-iOS";
			requirement = {
				kind = upToNextMajorVersion;
				minimumVersion = 7.0.0;
			};
		};
/* End XCRemoteSwiftPackageReference section */

/* Begin XCSwiftPackageProductDependency section */
		11F94EA52B26F11100AF2EC9 /* FirebaseAuth */ = {
			isa = XCSwiftPackageProductDependency;
			package = 11F94EA32B26F0E700AF2EC9 /* XCRemoteSwiftPackageReference "firebase-ios-sdk" */;
			productName = FirebaseAuth;
		};
		11F94EB92B2712E800AF2EC9 /* GoogleSignIn */ = {
			isa = XCSwiftPackageProductDependency;
			package = 11F94EB82B27126E00AF2EC9 /* XCRemoteSwiftPackageReference "GoogleSignIn-iOS" */;
			productName = GoogleSignIn;
		};
		11F94ECC2B293D8000AF2EC9 /* FirebaseDatabase */ = {
			isa = XCSwiftPackageProductDependency;
			package = 11F94EA32B26F0E700AF2EC9 /* XCRemoteSwiftPackageReference "firebase-ios-sdk" */;
			productName = FirebaseDatabase;
		};
/* End XCSwiftPackageProductDependency section */
	};
	rootObject = 723ABD7B2AFFF1B800C260F1 /* Project object */;
}
